
Microsoft Visual Studio Solution File, Format Version 12.00
# Visual Studio 15
VisualStudioVersion = 15.0.28307.136
MinimumVisualStudioVersion = 10.0.40219.1
Project("{9A19103F-16F7-4668-BE54-9A1E7A4F7556}") = "RDFSharp.RDFSQLiteStore", "RDFSharp.RDFSQLiteStore\RDFSharp.RDFSQLiteStore.csproj", "{5C96900F-2B4B-446A-B02F-32BB289E21E0}"
EndProject
Project("{FAE04EC0-301F-11D3-BF4B-00C04F79EFBC}") = "RDFSharp.RDFSQLiteStore.Test", "RDFSharp.RDFSQLiteStore.Test\RDFSharp.RDFSQLiteStore.Test.csproj", "{BB28A1BF-097E-4F40-AF18-7B527320C032}"
EndProject
Global
	GlobalSection(SolutionConfigurationPlatforms) = preSolution
		Debug|Any CPU = Debug|Any CPU
		Release|Any CPU = Release|Any CPU
	EndGlobalSection
	GlobalSection(ProjectConfigurationPlatforms) = postSolution
		{5C96900F-2B4B-446A-B02F-32BB289E21E0}.Debug|Any CPU.ActiveCfg = Debug|Any CPU
		{5C96900F-2B4B-446A-B02F-32BB289E21E0}.Debug|Any CPU.Build.0 = Debug|Any CPU
		{5C96900F-2B4B-446A-B02F-32BB289E21E0}.Release|Any CPU.ActiveCfg = Release|Any CPU
		{5C96900F-2B4B-446A-B02F-32BB289E21E0}.Release|Any CPU.Build.0 = Release|Any CPU
		{BB28A1BF-097E-4F40-AF18-7B527320C032}.Debug|Any CPU.ActiveCfg = Debug|Any CPU
		{BB28A1BF-097E-4F40-AF18-7B527320C032}.Debug|Any CPU.Build.0 = Debug|Any CPU
		{BB28A1BF-097E-4F40-AF18-7B527320C032}.Release|Any CPU.ActiveCfg = Release|Any CPU
		{BB28A1BF-097E-4F40-AF18-7B527320C032}.Release|Any CPU.Build.0 = Release|Any CPU
	EndGlobalSection
	GlobalSection(SolutionProperties) = preSolution
		HideSolutionNode = FALSE
	EndGlobalSection
	GlobalSection(ExtensibilityGlobals) = postSolution
		SolutionGuid = {FDD2B7E0-5BC5-4636-997B-778F43D467E8}
	EndGlobalSection
EndGlobal
